
Microsoft Visual Studio Solution File, Format Version 12.00
# Visual Studio Version 16
VisualStudioVersion = 16.0.31605.320
MinimumVisualStudioVersion = 10.0.40219.1
Project("{9A19103F-16F7-4668-BE54-9A1E7A4F7556}") = "TeamNMSL.yndcksh", "TeamNMSL.yndcksh.csproj", "{A1876632-6490-4028-96B4-31213B8FEF73}"
EndProject
Global
	GlobalSection(SolutionConfigurationPlatforms) = preSolution
		Debug|Any CPU = Debug|Any CPU
		Release|Any CPU = Release|Any CPU
	EndGlobalSection
	GlobalSection(ProjectConfigurationPlatforms) = postSolution
		{A1876632-6490-4028-96B4-31213B8FEF73}.Debug|Any CPU.ActiveCfg = Debug|Any CPU
		{A1876632-6490-4028-96B4-31213B8FEF73}.Debug|Any CPU.Build.0 = Debug|Any CPU
		{A1876632-6490-4028-96B4-31213B8FEF73}.Release|Any CPU.ActiveCfg = Release|Any CPU
		{A1876632-6490-4028-96B4-31213B8FEF73}.Release|Any CPU.Build.0 = Release|Any CPU
	EndGlobalSection
	GlobalSection(SolutionProperties) = preSolution
		HideSolutionNode = FALSE
	EndGlobalSection
	GlobalSection(ExtensibilityGlobals) = postSolution
		SolutionGuid = {5BA77945-FE06-47AB-A027-C95ED54CF5F4}
	EndGlobalSection
EndGlobal
